
Microsoft Visual Studio Solution File, Format Version 12.00
# Visual Studio Version 17
VisualStudioVersion = 17.14.36121.58
MinimumVisualStudioVersion = 10.0.40219.1
Project("{8BC9CEB8-8B4A-11D0-8D11-00A0C91BC942}") = "pr9_Sitkov_cpp", "pr9_Sitkov_cpp\pr9_Sitkov_cpp.vcxproj", "{043E7EC2-4457-4BB6-9EF9-FAD8D96F047A}"
EndProject
Project("{8BC9CEB8-8B4A-11D0-8D11-00A0C91BC942}") = "father_process", "father_process\father_process.vcxproj", "{723ACB47-B9EB-416F-A952-737E044DF471}"
EndProject
Global
	GlobalSection(SolutionConfigurationPlatforms) = preSolution
		Debug|x64 = Debug|x64
		Debug|x86 = Debug|x86
		Release|x64 = Release|x64
		Release|x86 = Release|x86
	EndGlobalSection
	GlobalSection(ProjectConfigurationPlatforms) = postSolution
		{043E7EC2-4457-4BB6-9EF9-FAD8D96F047A}.Debug|x64.ActiveCfg = Debug|x64
		{043E7EC2-4457-4BB6-9EF9-FAD8D96F047A}.Debug|x64.Build.0 = Debug|x64
		{043E7EC2-4457-4BB6-9EF9-FAD8D96F047A}.Debug|x86.ActiveCfg = Debug|Win32
		{043E7EC2-4457-4BB6-9EF9-FAD8D96F047A}.Debug|x86.Build.0 = Debug|Win32
		{043E7EC2-4457-4BB6-9EF9-FAD8D96F047A}.Release|x64.ActiveCfg = Release|x64
		{043E7EC2-4457-4BB6-9EF9-FAD8D96F047A}.Release|x64.Build.0 = Release|x64
		{043E7EC2-4457-4BB6-9EF9-FAD8D96F047A}.Release|x86.ActiveCfg = Release|Win32
		{043E7EC2-4457-4BB6-9EF9-FAD8D96F047A}.Release|x86.Build.0 = Release|Win32
		{723ACB47-B9EB-416F-A952-737E044DF471}.Debug|x64.ActiveCfg = Debug|x64
		{723ACB47-B9EB-416F-A952-737E044DF471}.Debug|x64.Build.0 = Debug|x64
		{723ACB47-B9EB-416F-A952-737E044DF471}.Debug|x86.ActiveCfg = Debug|Win32
		{723ACB47-B9EB-416F-A952-737E044DF471}.Debug|x86.Build.0 = Debug|Win32
		{723ACB47-B9EB-416F-A952-737E044DF471}.Release|x64.ActiveCfg = Release|x64
		{723ACB47-B9EB-416F-A952-737E044DF471}.Release|x64.Build.0 = Release|x64
		{723ACB47-B9EB-416F-A952-737E044DF471}.Release|x86.ActiveCfg = Release|Win32
		{723ACB47-B9EB-416F-A952-737E044DF471}.Release|x86.Build.0 = Release|Win32
	EndGlobalSection
	GlobalSection(SolutionProperties) = preSolution
		HideSolutionNode = FALSE
	EndGlobalSection
	GlobalSection(ExtensibilityGlobals) = postSolution
		SolutionGuid = {5E047D88-0220-4670-82F7-8EF887867B44}
	EndGlobalSection
EndGlobal
